<?xml version="1.0" encoding="utf-8"?>
<Project ToolsVersion="4.0" xmlns="http://schemas.microsoft.com/developer/msbuild/2003">
  <ItemGroup>
    <Filter Include="Source Files">
      <UniqueIdentifier>{4FC737F1-C7A5-4376-A066-2A32D752A2FF}</UniqueIdentifier>
      <Extensions>cpp;c;cc;cxx;def;odl;idl;hpj;bat;asm;asmx</Extensions>
    </Filter>
    <Filter Include="Header Files">
      <UniqueIdentifier>{93995380-89BD-4b04-88EB-625FBE52EBFB}</UniqueIdentifier>
      <Extensions>h;hh;hpp;hxx;hm;inl;inc;xsd</Extensions>
    </Filter>
    <Filter Include="Resource Files">
      <UniqueIdentifier>{67DA6AB6-F800-4c08-8B7A-83BB121AAD01}</UniqueIdentifier>
      <Extensions>rc;ico;cur;bmp;dlg;rc2;rct;bin;rgs;gif;jpg;jpeg;jpe;resx;tiff;tif;png;wav;mfcribbon-ms</Extensions>
    </Filter>
    <Filter Include="Header Files\Orion">
      <UniqueIdentifier>{75e8d8f9-1a4f-400f-aaba-bee489dc896b}</UniqueIdentifier>
    </Filter>
    <Filter Include="Source Files\Orion">
      <UniqueIdentifier>{a154f610-50cd-40a7-9f2e-7017841a126d}</UniqueIdentifier>
    </Filter>
    <Filter Include="Header Files\UI">
      <UniqueIdentifier>{66dc1fe9-9bde-45c0-a9bf-36835e9e3425}</UniqueIdentifier>
    </Filter>
    <Filter Include="Source Files\UI">
      <UniqueIdentifier>{50dfc201-f5fa-4724-8bf7-8f79deb44eb1}</UniqueIdentifier>
    </Filter>
  </ItemGroup>
  <ItemGroup>
    <ClCompile Include="Main.cpp">
      <Filter>Source Files</Filter>
    </ClCompile>
    <ClCompile Include="Game.cpp">
      <Filter>Source Files\Orion</Filter>
    </ClCompile>
    <ClCompile Include="Layer.cpp">
      <Filter>Source Files\Orion</Filter>
    </ClCompile>
    <ClCompile Include="ResourceManager.cpp">
      <Filter>Source Files\Orion</Filter>
    </ClCompile>
    <ClCompile Include="Scene.cpp">
      <Filter>Source Files\Orion</Filter>
    </ClCompile>
    <ClCompile Include="Sprite.cpp">
      <Filter>Source Files\Orion</Filter>
    </ClCompile>
    <ClCompile Include="OrionGame.cpp">
      <Filter>Source Files</Filter>
    </ClCompile>
    <ClCompile Include="Control.cpp">
      <Filter>Source Files\UI</Filter>
    </ClCompile>
    <ClCompile Include="UIManager.cpp">
      <Filter>Source Files\UI</Filter>
    </ClCompile>
    <ClCompile Include="Quickbar.cpp">
      <Filter>Source Files\UI</Filter>
    </ClCompile>
  </ItemGroup>
  <ItemGroup>
    <ClInclude Include="Orion.hpp">
      <Filter>Header Files\Orion</Filter>
    </ClInclude>
    <ClInclude Include="ResourceHolder.hpp">
      <Filter>Header Files\Orion</Filter>
    </ClInclude>
    <ClInclude Include="ResourceManager.hpp">
      <Filter>Header Files\Orion</Filter>
    </ClInclude>
    <ClInclude Include="Types.hpp">
      <Filter>Header Files\Orion</Filter>
    </ClInclude>
    <ClInclude Include="Game.hpp">
      <Filter>Header Files\Orion</Filter>
    </ClInclude>
    <ClInclude Include="Layer.hpp">
      <Filter>Header Files\Orion</Filter>
    </ClInclude>
    <ClInclude Include="DrawableEntity.hpp">
      <Filter>Header Files\Orion</Filter>
    </ClInclude>
    <ClInclude Include="Sprite.hpp">
      <Filter>Header Files\Orion</Filter>
    </ClInclude>
    <ClInclude Include="Scene.hpp">
      <Filter>Header Files\Orion</Filter>
    </ClInclude>
    <ClInclude Include="Projectile.hpp">
      <Filter>Header Files\Orion</Filter>
    </ClInclude>
    <ClInclude Include="OrionGame.hpp">
      <Filter>Header Files</Filter>
    </ClInclude>
    <ClInclude Include="Control.hpp">
      <Filter>Header Files\UI</Filter>
    </ClInclude>
    <ClInclude Include="Quickbar.hpp">
      <Filter>Header Files\UI</Filter>
    </ClInclude>
    <ClInclude Include="UIManager.hpp">
      <Filter>Header Files\UI</Filter>
    </ClInclude>
  </ItemGroup>
  <ItemGroup>
    <None Include="ResourceHolder.inl">
      <Filter>Header Files\Orion</Filter>
    </None>
  </ItemGroup>
</Project>